{
  "version": 4,
  "terraform_version": "1.15.5",
  "serial": 4,
  "lineage": "fad0818a-e6d1-19fa-af4b-4c825aad5a39",
  "outputs": {},
  "resources": [
    {
      "mode": "managed",
      "type": "azurerm_resource_group",
      "name": "Melodynamic",
      "provider": "provider[\"registry.terraform.io/hashicorp/azurerm\"]",
      "instances": [
        {
          "schema_version": 0,
          "attributes": {
            "id": "/subscriptions/ffe5ca31-2c3c-4d6d-b515-43fe8ae73640/resourceGroups/Melodynamic",
            "location": "eastus",
            "managed_by": "",
            "name": "Melodynamic",
            "tags": {
              "environment": "prod"
            },
            "timeouts": null
          },
          "sensitive_attributes": [],
          "identity_schema_version": 0,
          "private": "eyJlMmJmYjczMC1lY2FhLTExZTYtOGY4OC0zNDM2M2JjN2M0YzAiOnsiY3JlYXRlIjo1NDAwMDAwMDAwMDAwLCJkZWxldGUiOjU0MDAwMDAwMDAwMDAsInJlYWQiOjMwMDAwMDAwMDAwMCwidXBkYXRlIjo1NDAwMDAwMDAwMDAwfX0="
        }
      ]
    }
  ],
  "check_results": null
}
